
Microsoft Visual Studio Solution File, Format Version 12.00
# Visual Studio 2013
VisualStudioVersion = 12.0.21005.1
MinimumVisualStudioVersion = 10.0.40219.1
Project("{FAE04EC0-301F-11D3-BF4B-00C04F79EFBC}") = "App", "App\App.csproj", "{3C1F0F4B-509D-4105-937C-5F743C99901E}"
EndProject
Project("{FAE04EC0-301F-11D3-BF4B-00C04F79EFBC}") = "App.UnitTest", "App.UnitTest\App.UnitTest.csproj", "{741C70BD-3ADD-4354-A7F2-3D7E45140639}"
EndProject
Global
	GlobalSection(SolutionConfigurationPlatforms) = preSolution
		Debug|Any CPU = Debug|Any CPU
		Release|Any CPU = Release|Any CPU
	EndGlobalSection
	GlobalSection(ProjectConfigurationPlatforms) = postSolution
		{3C1F0F4B-509D-4105-937C-5F743C99901E}.Debug|Any CPU.ActiveCfg = Debug|Any CPU
		{3C1F0F4B-509D-4105-937C-5F743C99901E}.Debug|Any CPU.Build.0 = Debug|Any CPU
		{3C1F0F4B-509D-4105-937C-5F743C99901E}.Release|Any CPU.ActiveCfg = Release|Any CPU
		{3C1F0F4B-509D-4105-937C-5F743C99901E}.Release|Any CPU.Build.0 = Release|Any CPU
		{741C70BD-3ADD-4354-A7F2-3D7E45140639}.Debug|Any CPU.ActiveCfg = Debug|Any CPU
		{741C70BD-3ADD-4354-A7F2-3D7E45140639}.Debug|Any CPU.Build.0 = Debug|Any CPU
		{741C70BD-3ADD-4354-A7F2-3D7E45140639}.Release|Any CPU.ActiveCfg = Release|Any CPU
		{741C70BD-3ADD-4354-A7F2-3D7E45140639}.Release|Any CPU.Build.0 = Release|Any CPU
	EndGlobalSection
	GlobalSection(SolutionProperties) = preSolution
		HideSolutionNode = FALSE
	EndGlobalSection
EndGlobal
